
Microsoft Visual Studio Solution File, Format Version 12.00
# Visual Studio Version 16
VisualStudioVersion = 16.0.30503.244
MinimumVisualStudioVersion = 10.0.40219.1
Project("{FAE04EC0-301F-11D3-BF4B-00C04F79EFBC}") = "PrimerWindowsForm", "PrimerWindowsForm\PrimerWindowsForm.csproj", "{5673B17A-F5CF-40D7-ADB2-0F802D85255C}"
EndProject
Global
	GlobalSection(SolutionConfigurationPlatforms) = preSolution
		Debug|Any CPU = Debug|Any CPU
		Release|Any CPU = Release|Any CPU
	EndGlobalSection
	GlobalSection(ProjectConfigurationPlatforms) = postSolution
		{5673B17A-F5CF-40D7-ADB2-0F802D85255C}.Debug|Any CPU.ActiveCfg = Debug|Any CPU
		{5673B17A-F5CF-40D7-ADB2-0F802D85255C}.Debug|Any CPU.Build.0 = Debug|Any CPU
		{5673B17A-F5CF-40D7-ADB2-0F802D85255C}.Release|Any CPU.ActiveCfg = Release|Any CPU
		{5673B17A-F5CF-40D7-ADB2-0F802D85255C}.Release|Any CPU.Build.0 = Release|Any CPU
	EndGlobalSection
	GlobalSection(SolutionProperties) = preSolution
		HideSolutionNode = FALSE
	EndGlobalSection
	GlobalSection(ExtensibilityGlobals) = postSolution
		SolutionGuid = {8997BC2C-B485-4AD3-8761-AB8A762C6C01}
	EndGlobalSection
EndGlobal
